
Microsoft Visual Studio Solution File, Format Version 12.00
# Visual Studio Version 17
VisualStudioVersion = 17.14.36518.9
MinimumVisualStudioVersion = 10.0.40219.1
Project("{8BC9CEB8-8B4A-11D0-8D11-00A0C91BC942}") = "labbbb", "labbbb.vcxproj", "{07D1C67F-F790-4147-9E2A-619EAA221A39}"
EndProject
Project("{8BC9CEB8-8B4A-11D0-8D11-00A0C91BC942}") = "UnitTest1", "..\UnitTest1\UnitTest1.vcxproj", "{2E492DD5-134C-9483-A1EE-C9DABA804943}"
EndProject
Global
	GlobalSection(SolutionConfigurationPlatforms) = preSolution
		Debug|x64 = Debug|x64
		Debug|x86 = Debug|x86
		Release|x64 = Release|x64
		Release|x86 = Release|x86
	EndGlobalSection
	GlobalSection(ProjectConfigurationPlatforms) = postSolution
		{07D1C67F-F790-4147-9E2A-619EAA221A39}.Debug|x64.ActiveCfg = Debug|x64
		{07D1C67F-F790-4147-9E2A-619EAA221A39}.Debug|x64.Build.0 = Debug|x64
		{07D1C67F-F790-4147-9E2A-619EAA221A39}.Debug|x86.ActiveCfg = Debug|Win32
		{07D1C67F-F790-4147-9E2A-619EAA221A39}.Debug|x86.Build.0 = Debug|Win32
		{07D1C67F-F790-4147-9E2A-619EAA221A39}.Release|x64.ActiveCfg = Release|x64
		{07D1C67F-F790-4147-9E2A-619EAA221A39}.Release|x64.Build.0 = Release|x64
		{07D1C67F-F790-4147-9E2A-619EAA221A39}.Release|x86.ActiveCfg = Release|Win32
		{07D1C67F-F790-4147-9E2A-619EAA221A39}.Release|x86.Build.0 = Release|Win32
		{2E492DD5-134C-9483-A1EE-C9DABA804943}.Debug|x64.ActiveCfg = Debug|x64
		{2E492DD5-134C-9483-A1EE-C9DABA804943}.Debug|x64.Build.0 = Debug|x64
		{2E492DD5-134C-9483-A1EE-C9DABA804943}.Debug|x86.ActiveCfg = Debug|Win32
		{2E492DD5-134C-9483-A1EE-C9DABA804943}.Debug|x86.Build.0 = Debug|Win32
		{2E492DD5-134C-9483-A1EE-C9DABA804943}.Release|x64.ActiveCfg = Release|x64
		{2E492DD5-134C-9483-A1EE-C9DABA804943}.Release|x64.Build.0 = Release|x64
		{2E492DD5-134C-9483-A1EE-C9DABA804943}.Release|x86.ActiveCfg = Release|Win32
		{2E492DD5-134C-9483-A1EE-C9DABA804943}.Release|x86.Build.0 = Release|Win32
	EndGlobalSection
	GlobalSection(SolutionProperties) = preSolution
		HideSolutionNode = FALSE
	EndGlobalSection
	GlobalSection(ExtensibilityGlobals) = postSolution
		SolutionGuid = {7F5CF783-819D-4CBC-ABFA-3C6CB8533B9D}
	EndGlobalSection
EndGlobal
